
Microsoft Visual Studio Solution File, Format Version 12.00
# Visual Studio Version 16
VisualStudioVersion = 25.0.1703.0
MinimumVisualStudioVersion = 10.0.40219.1
Project("{FAE04EC0-301F-11D3-BF4B-00C04F79EFBC}") = "CA_Team5", "CA_Team5.csproj", "{4A03BCF1-23CD-4B0B-9143-E3E07635647A}"
EndProject
Global
	GlobalSection(SolutionConfigurationPlatforms) = preSolution
		Debug|Any CPU = Debug|Any CPU
		Release|Any CPU = Release|Any CPU
	EndGlobalSection
	GlobalSection(ProjectConfigurationPlatforms) = postSolution
		{4A03BCF1-23CD-4B0B-9143-E3E07635647A}.Debug|Any CPU.ActiveCfg = Debug|Any CPU
		{4A03BCF1-23CD-4B0B-9143-E3E07635647A}.Debug|Any CPU.Build.0 = Debug|Any CPU
		{4A03BCF1-23CD-4B0B-9143-E3E07635647A}.Release|Any CPU.ActiveCfg = Release|Any CPU
		{4A03BCF1-23CD-4B0B-9143-E3E07635647A}.Release|Any CPU.Build.0 = Release|Any CPU
	EndGlobalSection
	GlobalSection(SolutionProperties) = preSolution
		HideSolutionNode = FALSE
	EndGlobalSection
	GlobalSection(ExtensibilityGlobals) = postSolution
		SolutionGuid = {14141EB8-D7E2-4F21-B548-B9EDA48F4E76}
	EndGlobalSection
EndGlobal
